{
  "name": "app",
  "version": "1.0.0",
  "lockfileVersion": 3,
  "requires": true,
  "packages": {
    "": {
      "name": "app",
      "version": "1.0.0",
      "license": "ISC",
      "dependencies": {
        "http": "^0.0.1-security",
        "nodeman": "^1.1.2",
        "req": "^0.1.4"
      }
    },
    "node_modules/colors": {
      "version": "1.4.0",
      "resolved": "https://registry.npmjs.org/colors/-/colors-1.4.0.tgz",
      "integrity": "sha512-a+UqTh4kgZg/SlGvfbzDHpgRu7AAQOmmqRHJnxhRZICKFUT91brVhNNt58CMWU9PsBbv3PDCZUHbVxuDiH2mtA==",
      "engines": {
        "node": ">=0.1.90"
      }
    },
    "node_modules/http": {
      "version": "0.0.1-security",
      "resolved": "https://registry.npmjs.org/http/-/http-0.0.1-security.tgz",
      "integrity": "sha512-RnDvP10Ty9FxqOtPZuxtebw1j4L/WiqNMDtuc1YMH1XQm5TgDRaR1G9u8upL6KD1bXHSp9eSXo/ED+8Q7FAr+g=="
    },
    "node_modules/nodeman": {
      "version": "1.1.2",
      "resolved": "https://registry.npmjs.org/nodeman/-/nodeman-1.1.2.tgz",
      "integrity": "sha512-RpRpDnMI4TN/EPX6+my7f02585I14AQO8YrHTkO1aTiC65+sMa5G3NwQplN6kwue1njxWiaSz2UwCnDbwkLgeQ==",
      "dependencies": {
        "colors": "*"
      },
      "bin": {
        "_nodeman": "bin/_nodeman",
        "nodeman": "bin/nodeman"
      },
      "engines": {
        "node": "*"
      }
    },
    "node_modules/optimist": {
      "version": "0.3.1",
      "resolved": "https://registry.npmjs.org/optimist/-/optimist-0.3.1.tgz",
      "integrity": "sha512-SlvDwWll6UznuRvu5kxmlskndLf8GPbTFr75XYWkbmDdDL3HZWnsUqUbniXCpWlJnsIxJ5ZKKy0DOfL0i2RCRA==",
      "dependencies": {
        "wordwrap": ">=0.0.1 <0.1.0"
      },
      "engines": {
        "node": "*"
      }
    },
    "node_modules/progress": {
      "version": "0.0.4",
      "resolved": "https://registry.npmjs.org/progress/-/progress-0.0.4.tgz",
      "integrity": "sha512-D91pHw+l8w46yr1/UNAdjXRbDu4bKxR4DZQV3yosuX7osMR54SNewCfhg2LWqjb1Q1cCUSz0nJ15WDFG1w5BIQ==",
      "engines": {
        "node": ">=0.4.0"
      }
    },
    "node_modules/req": {
      "version": "0.1.4",
      "resolved": "https://registry.npmjs.org/req/-/req-0.1.4.tgz",
      "integrity": "sha512-5CyYTI61GMT89nePHyeblTaMWYiVhTxkJdix4qXbeor8RffiPB9qELEUHzzeFudlKeoSuDczomfKq11e/kyz+A==",
      "dependencies": {
        "mime": "1.2.5",
        "optimist": "0.3.1",
        "progress": "0.0.4",
        "request": "2.9.202"
      },
      "bin": {
        "req": "bin/req"
      }
    },
    "node_modules/req/node_modules/mime": {
      "version": "1.2.5",
      "resolved": "https://registry.npmjs.org/mime/-/mime-1.2.5.tgz",
      "integrity": "sha512-QfwTOA+zRHSZXxl9Y7ue5ifKDhU1prnh0dO67Vgcl7Lcx0+79vL9A1ln0qtVur8CFSdYq5Zhnw9DDZQgwDh8Ng==",
      "engines": {
        "node": "*"
      }
    },
    "node_modules/request": {
      "version": "2.9.202",
      "resolved": "https://registry.npmjs.org/request/-/request-2.9.202.tgz",
      "integrity": "sha512-3tc+z/Mcu5Ux4WCZ2dh3F/h7EghvlTQNr0OeplFt09gOCbSZ8MZpHwWIjX/s6I8CsineNvUBGG4/QUNLSC9nKg==",
      "deprecated": "request has been deprecated, see https://github.com/request/request/issues/3142",
      "engines": [
        "node >= 0.3.6"
      ]
    },
    "node_modules/wordwrap": {
      "version": "0.0.3",
      "resolved": "https://registry.npmjs.org/wordwrap/-/wordwrap-0.0.3.tgz",
      "integrity": "sha512-1tMA907+V4QmxV7dbRvb4/8MaRALK6q9Abid3ndMYnbyo8piisCmeONVqVSXqQA3KaP4SLt5b7ud6E2sqP8TFw==",
      "engines": {
        "node": ">=0.4.0"
      }
    }
  }
}
